<?xml version="1.0" encoding="utf-8"?>
<Project ToolsVersion="4.0" xmlns="http://schemas.microsoft.com/developer/msbuild/2003">
  <ItemGroup>
    <Filter Include="资源文件">
      <UniqueIdentifier>{67DA6AB6-F800-4c08-8B7A-83BB121AAD01}</UniqueIdentifier>
      <Extensions>rc;ico;cur;bmp;dlg;rc2;rct;bin;rgs;gif;jpg;jpeg;jpe;resx;tiff;tif;png;wav;mfcribbon-ms</Extensions>
    </Filter>
    <Filter Include="Common">
      <UniqueIdentifier>{ac524d4c-9038-4e74-b6df-628651bfd308}</UniqueIdentifier>
    </Filter>
    <Filter Include="Framework">
      <UniqueIdentifier>{0b07b6b2-87df-475b-beec-e0acdec6ffd7}</UniqueIdentifier>
    </Filter>
    <Filter Include="windows">
      <UniqueIdentifier>{b7199e43-e44d-407e-99e2-0ae968aab44b}</UniqueIdentifier>
    </Filter>
    <Filter Include="d3d">
      <UniqueIdentifier>{40947e90-6e48-4d6f-997c-fc8d68b8c6e0}</UniqueIdentifier>
    </Filter>
    <Filter Include="Common\Math">
      <UniqueIdentifier>{f1a7737d-c55d-49a7-a6a1-2f12b0f1e539}</UniqueIdentifier>
    </Filter>
    <Filter Include="Common\AssertLoader">
      <UniqueIdentifier>{804cdf08-7600-4eb7-9a67-de019dd30c0b}</UniqueIdentifier>
    </Filter>
    <Filter Include="Common\Scene">
      <UniqueIdentifier>{2501e68c-9b25-48ec-87c9-c89ca4911d3c}</UniqueIdentifier>
    </Filter>
    <Filter Include="ThridParty">
      <UniqueIdentifier>{5a5398f4-a9e5-4ea7-89a9-5410dbebc6da}</UniqueIdentifier>
    </Filter>
    <Filter Include="Common\Memory">
      <UniqueIdentifier>{173e8b1e-ffc3-47a1-8e7e-7d89d08b94ce}</UniqueIdentifier>
    </Filter>
  </ItemGroup>
  <ItemGroup>
    <ClInclude Include="IRuntimeModule.hpp">
      <Filter>Framework</Filter>
    </ClInclude>
    <ClInclude Include="IApplication.h">
      <Filter>Framework</Filter>
    </ClInclude>
    <ClInclude Include="BaseApplication.h">
      <Filter>Common</Filter>
    </ClInclude>
    <ClInclude Include="Common.h">
      <Filter>Common</Filter>
    </ClInclude>
    <ClInclude Include="WindowsApplication.h">
      <Filter>windows</Filter>
    </ClInclude>
    <ClInclude Include="D3DRenderModule.h">
      <Filter>d3d</Filter>
    </ClInclude>
    <ClInclude Include="GraphicModule.h">
      <Filter>Common</Filter>
    </ClInclude>
    <ClInclude Include="Config.h">
      <Filter>Common</Filter>
    </ClInclude>
    <ClInclude Include="d3d12x.h">
      <Filter>d3d</Filter>
    </ClInclude>
    <ClInclude Include="Vector.h">
      <Filter>Common\Math</Filter>
    </ClInclude>
    <ClInclude Include="Matrix.h">
      <Filter>Common\Math</Filter>
    </ClInclude>
    <ClInclude Include="Quaternion.h">
      <Filter>Common\Math</Filter>
    </ClInclude>
    <ClInclude Include="PipelineStateObject.h">
      <Filter>d3d</Filter>
    </ClInclude>
    <ClInclude Include="RootSignature.h">
      <Filter>d3d</Filter>
    </ClInclude>
    <ClInclude Include="Timer.h">
      <Filter>Common</Filter>
    </ClInclude>
    <ClInclude Include="InputBuffer.h">
      <Filter>Common</Filter>
    </ClInclude>
    <ClInclude Include="FileLoader.h">
      <Filter>Common\AssertLoader</Filter>
    </ClInclude>
    <ClInclude Include="Random.h">
      <Filter>Common\Math</Filter>
    </ClInclude>
    <ClInclude Include="Math.h">
      <Filter>Common\Math</Filter>
    </ClInclude>
    <ClInclude Include="Mesh.h">
      <Filter>Common\AssertLoader</Filter>
    </ClInclude>
    <ClInclude Include="Scene.h">
      <Filter>Common\Scene</Filter>
    </ClInclude>
    <ClInclude Include="D3DResourceManager.h">
      <Filter>d3d</Filter>
    </ClInclude>
    <ClInclude Include="ShaderLoader.h">
      <Filter>d3d</Filter>
    </ClInclude>
    <ClInclude Include="d3dCommon.h">
      <Filter>d3d</Filter>
    </ClInclude>
    <ClInclude Include="Color.h">
      <Filter>Common\Math</Filter>
    </ClInclude>
    <ClInclude Include="D3DDescriptorHandleAllocator.h">
      <Filter>d3d</Filter>
    </ClInclude>
    <ClInclude Include="D3DDrawContext.h">
      <Filter>d3d</Filter>
    </ClInclude>
    <ClInclude Include="D3DDataStructure.h">
      <Filter>d3d</Filter>
    </ClInclude>
    <ClInclude Include="GeometryGenerator.h">
      <Filter>Common\AssertLoader</Filter>
    </ClInclude>
    <ClInclude Include="tinyxml2.h">
      <Filter>ThridParty</Filter>
    </ClInclude>
    <ClInclude Include="MathFunctions.h">
      <Filter>Common\Math</Filter>
    </ClInclude>
    <ClInclude Include="Camera.h">
      <Filter>Common\Scene</Filter>
    </ClInclude>
    <ClInclude Include="MeshRenderer.h">
      <Filter>Common\Scene</Filter>
    </ClInclude>
    <ClInclude Include="SceneRootNode.h">
      <Filter>Common\Scene</Filter>
    </ClInclude>
    <ClInclude Include="SceneObject.h">
      <Filter>Common\Scene</Filter>
    </ClInclude>
    <ClInclude Include="Material.h">
      <Filter>Common\Scene</Filter>
    </ClInclude>
    <ClInclude Include="SceneCamera.h">
      <Filter>Common\Scene</Filter>
    </ClInclude>
    <ClInclude Include="SceneLight.h">
      <Filter>Common\Scene</Filter>
    </ClInclude>
    <ClInclude Include="SceneComponent.h">
      <Filter>Common\Scene</Filter>
    </ClInclude>
    <ClInclude Include="Texture.h">
      <Filter>Common\AssertLoader</Filter>
    </ClInclude>
    <ClInclude Include="uuid.h">
      <Filter>Common</Filter>
    </ClInclude>
    <ClInclude Include="DrawCall.h">
      <Filter>Common</Filter>
    </ClInclude>
    <ClInclude Include="Shader.h">
      <Filter>Common\Scene</Filter>
    </ClInclude>
    <ClInclude Include="MArray.h">
      <Filter>Common\Memory</Filter>
    </ClInclude>
    <ClInclude Include="Memory.h">
      <Filter>Common\Memory</Filter>
    </ClInclude>
    <ClInclude Include="Buffer.h">
      <Filter>Common\Memory</Filter>
    </ClInclude>
    <ClInclude Include="CountPtr.h">
      <Filter>Common\Memory</Filter>
    </ClInclude>
    <ClInclude Include="ShaderDataStructure.h">
      <Filter>Common\Scene</Filter>
    </ClInclude>
  </ItemGroup>
  <ItemGroup>
    <ClCompile Include="main.cpp">
      <Filter>Common</Filter>
    </ClCompile>
    <ClCompile Include="WindowsApplication.cpp">
      <Filter>windows</Filter>
    </ClCompile>
    <ClCompile Include="BaseApplication.cpp">
      <Filter>Common</Filter>
    </ClCompile>
    <ClCompile Include="D3DRenderModule.cpp">
      <Filter>d3d</Filter>
    </ClCompile>
    <ClCompile Include="plantfrom.cpp" />
    <ClCompile Include="Vector.cpp">
      <Filter>Common\Math</Filter>
    </ClCompile>
    <ClCompile Include="Matrix.cpp">
      <Filter>Common\Math</Filter>
    </ClCompile>
    <ClCompile Include="PipelineStateObject.cpp">
      <Filter>d3d</Filter>
    </ClCompile>
    <ClCompile Include="RootSignature.cpp">
      <Filter>d3d</Filter>
    </ClCompile>
    <ClCompile Include="Timer.cpp">
      <Filter>Common</Filter>
    </ClCompile>
    <ClCompile Include="InputBuffer.cpp">
      <Filter>Common</Filter>
    </ClCompile>
    <ClCompile Include="FileLoader.cpp">
      <Filter>Common\AssertLoader</Filter>
    </ClCompile>
    <ClCompile Include="Random.cpp">
      <Filter>Common\Math</Filter>
    </ClCompile>
    <ClCompile Include="Mesh.cpp">
      <Filter>Common\AssertLoader</Filter>
    </ClCompile>
    <ClCompile Include="uuid.cpp">
      <Filter>Common\Scene</Filter>
    </ClCompile>
    <ClCompile Include="Scene.cpp">
      <Filter>Common\Scene</Filter>
    </ClCompile>
    <ClCompile Include="Common.cpp">
      <Filter>Common</Filter>
    </ClCompile>
    <ClCompile Include="D3DResourceManager.cpp">
      <Filter>d3d</Filter>
    </ClCompile>
    <ClCompile Include="ShaderLoader.cpp">
      <Filter>d3d</Filter>
    </ClCompile>
    <ClCompile Include="D3DDescriptorHandleAllocator.cpp">
      <Filter>d3d</Filter>
    </ClCompile>
    <ClCompile Include="D3DDrawContext.cpp">
      <Filter>d3d</Filter>
    </ClCompile>
    <ClCompile Include="Color.cpp">
      <Filter>Common\Math</Filter>
    </ClCompile>
    <ClCompile Include="GeometryGenerator.cpp">
      <Filter>Common\AssertLoader</Filter>
    </ClCompile>
    <ClCompile Include="tinyxml2.cpp">
      <Filter>ThridParty</Filter>
    </ClCompile>
    <ClCompile Include="Camera.cpp">
      <Filter>Common\Scene</Filter>
    </ClCompile>
    <ClCompile Include="MeshRenderer.cpp">
      <Filter>Common\Scene</Filter>
    </ClCompile>
    <ClCompile Include="SceneRootNode.cpp">
      <Filter>Common\Scene</Filter>
    </ClCompile>
    <ClCompile Include="Texture.cpp">
      <Filter>Common\AssertLoader</Filter>
    </ClCompile>
    <ClCompile Include="Material.cpp">
      <Filter>Common\Scene</Filter>
    </ClCompile>
    <ClCompile Include="Memory.cpp">
      <Filter>Common\Memory</Filter>
    </ClCompile>
    <ClCompile Include="SceneCamera.cpp">
      <Filter>Common\Scene</Filter>
    </ClCompile>
  </ItemGroup>
</Project>